
Microsoft Visual Studio Solution File, Format Version 12.00
# Visual Studio Version 16
VisualStudioVersion = 16.0.30503.244
MinimumVisualStudioVersion = 10.0.40219.1
Project("{9A19103F-16F7-4668-BE54-9A1E7A4F7556}") = "ElsaV6", "ElsaV6\ElsaV6.csproj", "{4FFB50EB-0977-4DD3-934B-E7633434B80F}"
EndProject
Project("{9A19103F-16F7-4668-BE54-9A1E7A4F7556}") = "Tests", "Tests\Tests.csproj", "{2F0DF07B-6A12-4284-AB95-0CFE960B2AC8}"
EndProject
Project("{9A19103F-16F7-4668-BE54-9A1E7A4F7556}") = "Commands", "Commands\Commands.csproj", "{F9A52C45-63D8-4B65-86B7-236BF10FF882}"
EndProject
Project("{FAE04EC0-301F-11D3-BF4B-00C04F79EFBC}") = "DataAccess", "DataAccess\DataAccess.csproj", "{75D91DD6-FE33-4A8B-AAD9-FBEC7B862A87}"
EndProject
Global
	GlobalSection(SolutionConfigurationPlatforms) = preSolution
		Debug|Any CPU = Debug|Any CPU
		Release|Any CPU = Release|Any CPU
	EndGlobalSection
	GlobalSection(ProjectConfigurationPlatforms) = postSolution
		{4FFB50EB-0977-4DD3-934B-E7633434B80F}.Debug|Any CPU.ActiveCfg = Debug|Any CPU
		{4FFB50EB-0977-4DD3-934B-E7633434B80F}.Debug|Any CPU.Build.0 = Debug|Any CPU
		{4FFB50EB-0977-4DD3-934B-E7633434B80F}.Release|Any CPU.ActiveCfg = Release|Any CPU
		{4FFB50EB-0977-4DD3-934B-E7633434B80F}.Release|Any CPU.Build.0 = Release|Any CPU
		{2F0DF07B-6A12-4284-AB95-0CFE960B2AC8}.Debug|Any CPU.ActiveCfg = Debug|Any CPU
		{2F0DF07B-6A12-4284-AB95-0CFE960B2AC8}.Debug|Any CPU.Build.0 = Debug|Any CPU
		{2F0DF07B-6A12-4284-AB95-0CFE960B2AC8}.Release|Any CPU.ActiveCfg = Release|Any CPU
		{2F0DF07B-6A12-4284-AB95-0CFE960B2AC8}.Release|Any CPU.Build.0 = Release|Any CPU
		{F9A52C45-63D8-4B65-86B7-236BF10FF882}.Debug|Any CPU.ActiveCfg = Debug|Any CPU
		{F9A52C45-63D8-4B65-86B7-236BF10FF882}.Debug|Any CPU.Build.0 = Debug|Any CPU
		{F9A52C45-63D8-4B65-86B7-236BF10FF882}.Release|Any CPU.ActiveCfg = Release|Any CPU
		{F9A52C45-63D8-4B65-86B7-236BF10FF882}.Release|Any CPU.Build.0 = Release|Any CPU
		{75D91DD6-FE33-4A8B-AAD9-FBEC7B862A87}.Debug|Any CPU.ActiveCfg = Debug|Any CPU
		{75D91DD6-FE33-4A8B-AAD9-FBEC7B862A87}.Debug|Any CPU.Build.0 = Debug|Any CPU
		{75D91DD6-FE33-4A8B-AAD9-FBEC7B862A87}.Release|Any CPU.ActiveCfg = Release|Any CPU
		{75D91DD6-FE33-4A8B-AAD9-FBEC7B862A87}.Release|Any CPU.Build.0 = Release|Any CPU
	EndGlobalSection
	GlobalSection(SolutionProperties) = preSolution
		HideSolutionNode = FALSE
	EndGlobalSection
	GlobalSection(ExtensibilityGlobals) = postSolution
		SolutionGuid = {B51E4F6D-F562-462B-9683-712200E89417}
	EndGlobalSection
EndGlobal
